
Microsoft Visual Studio Solution File, Format Version 12.00
# Visual Studio Version 17
VisualStudioVersion = 17.0.31903.59
MinimumVisualStudioVersion = 10.0.40219.1
Project("{FAE04EC0-301F-11D3-BF4B-00C04F79EFBC}") = "Lootag.TransactionsProcessor.Domain", "Lootag.TransactionsProcessor.Domain\Lootag.TransactionsProcessor.Domain.csproj", "{68675E44-8248-4FF1-9218-4FFF77A3E49B}"
EndProject
Project("{FAE04EC0-301F-11D3-BF4B-00C04F79EFBC}") = "Lootag.TransactionsProcessor.WebApi", "Lootag.TransactionsProcessor.WebApi\Lootag.TransactionsProcessor.WebApi.csproj", "{04895131-E3AC-471A-B634-FCB6065E4B3D}"
EndProject
Project("{FAE04EC0-301F-11D3-BF4B-00C04F79EFBC}") = "Lootag.TransactionsProcessor.Services", "Lootag.TransactionsProcessor.Services\Lootag.TransactionsProcessor.Services.csproj", "{76E7DC56-FB60-434A-8175-B95AA91D13F2}"
EndProject
Global
	GlobalSection(SolutionConfigurationPlatforms) = preSolution
		Debug|Any CPU = Debug|Any CPU
		Release|Any CPU = Release|Any CPU
	EndGlobalSection
	GlobalSection(SolutionProperties) = preSolution
		HideSolutionNode = FALSE
	EndGlobalSection
	GlobalSection(ProjectConfigurationPlatforms) = postSolution
		{68675E44-8248-4FF1-9218-4FFF77A3E49B}.Debug|Any CPU.ActiveCfg = Debug|Any CPU
		{68675E44-8248-4FF1-9218-4FFF77A3E49B}.Debug|Any CPU.Build.0 = Debug|Any CPU
		{68675E44-8248-4FF1-9218-4FFF77A3E49B}.Release|Any CPU.ActiveCfg = Release|Any CPU
		{68675E44-8248-4FF1-9218-4FFF77A3E49B}.Release|Any CPU.Build.0 = Release|Any CPU
		{04895131-E3AC-471A-B634-FCB6065E4B3D}.Debug|Any CPU.ActiveCfg = Debug|Any CPU
		{04895131-E3AC-471A-B634-FCB6065E4B3D}.Debug|Any CPU.Build.0 = Debug|Any CPU
		{04895131-E3AC-471A-B634-FCB6065E4B3D}.Release|Any CPU.ActiveCfg = Release|Any CPU
		{04895131-E3AC-471A-B634-FCB6065E4B3D}.Release|Any CPU.Build.0 = Release|Any CPU
		{76E7DC56-FB60-434A-8175-B95AA91D13F2}.Debug|Any CPU.ActiveCfg = Debug|Any CPU
		{76E7DC56-FB60-434A-8175-B95AA91D13F2}.Debug|Any CPU.Build.0 = Debug|Any CPU
		{76E7DC56-FB60-434A-8175-B95AA91D13F2}.Release|Any CPU.ActiveCfg = Release|Any CPU
		{76E7DC56-FB60-434A-8175-B95AA91D13F2}.Release|Any CPU.Build.0 = Release|Any CPU
	EndGlobalSection
EndGlobal
